
Microsoft Visual Studio Solution File, Format Version 12.00
Project("{FAE04EC0-301F-11D3-BF4B-00C04F79EFBC}") = "Musicx", "Musicx\Musicx.csproj", "{9A9B8055-FB8A-4D8F-A046-CB6F67705C0D}"
EndProject
Project("{FAE04EC0-301F-11D3-BF4B-00C04F79EFBC}") = "MusicxApi", "MusicxApi\MusicxApi.csproj", "{AFAC4491-570B-4D77-B456-FD9AB2860013}"
EndProject
Global
	GlobalSection(SolutionConfigurationPlatforms) = preSolution
		Debug|Any CPU = Debug|Any CPU
		Release|Any CPU = Release|Any CPU
	EndGlobalSection
	GlobalSection(ProjectConfigurationPlatforms) = postSolution
		{9A9B8055-FB8A-4D8F-A046-CB6F67705C0D}.Debug|Any CPU.ActiveCfg = Debug|Any CPU
		{9A9B8055-FB8A-4D8F-A046-CB6F67705C0D}.Debug|Any CPU.Build.0 = Debug|Any CPU
		{9A9B8055-FB8A-4D8F-A046-CB6F67705C0D}.Release|Any CPU.ActiveCfg = Release|Any CPU
		{9A9B8055-FB8A-4D8F-A046-CB6F67705C0D}.Release|Any CPU.Build.0 = Release|Any CPU
		{AFAC4491-570B-4D77-B456-FD9AB2860013}.Debug|Any CPU.ActiveCfg = Debug|Any CPU
		{AFAC4491-570B-4D77-B456-FD9AB2860013}.Debug|Any CPU.Build.0 = Debug|Any CPU
		{AFAC4491-570B-4D77-B456-FD9AB2860013}.Release|Any CPU.ActiveCfg = Release|Any CPU
		{AFAC4491-570B-4D77-B456-FD9AB2860013}.Release|Any CPU.Build.0 = Release|Any CPU
	EndGlobalSection
EndGlobal
